<?xml version="1.0" encoding="utf-8"?>
<Project ToolsVersion="4.0" xmlns="http://schemas.microsoft.com/developer/msbuild/2003">
  <ItemGroup>
    <ClCompile Include="example\main.cpp" />
    <ClCompile Include="..\..\beowolf\W_Common.cpp">
      <Filter>beowolf</Filter>
    </ClCompile>
    <ClCompile Include="..\..\beowolf\W_Input.cpp">
      <Filter>beowolf</Filter>
    </ClCompile>
    <ClCompile Include="..\..\beowolf\math\W_Math2D.cpp">
      <Filter>beowolf\math</Filter>
    </ClCompile>
    <ClCompile Include="..\..\beowolf\math\W_ProjectionMatrix.cpp">
      <Filter>beowolf\math</Filter>
    </ClCompile>
    <ClCompile Include="..\..\beowolf\math\W_RNG.cpp">
      <Filter>beowolf\math</Filter>
    </ClCompile>
    <ClCompile Include="..\..\beowolf\math\W_Time.cpp">
      <Filter>beowolf\math</Filter>
    </ClCompile>
    <ClCompile Include="..\..\lib\tinyxml\tinyxmlparser.cpp">
      <Filter>lib\tinyxml</Filter>
    </ClCompile>
    <ClCompile Include="..\..\lib\tinyxml\tinystr.cpp">
      <Filter>lib\tinyxml</Filter>
    </ClCompile>
    <ClCompile Include="..\..\lib\tinyxml\tinyxml.cpp">
      <Filter>lib\tinyxml</Filter>
    </ClCompile>
    <ClCompile Include="..\..\lib\tinyxml\tinyxmlerror.cpp">
      <Filter>lib\tinyxml</Filter>
    </ClCompile>
    <ClCompile Include="example\BaseScene.cpp" />
    <ClCompile Include="..\..\lib\PowerVR\PVRTModelPOD.cpp">
      <Filter>lib\powerVR</Filter>
    </ClCompile>
    <ClCompile Include="..\..\lib\PowerVR\PVRTPFXParser.cpp">
      <Filter>lib\powerVR</Filter>
    </ClCompile>
    <ClCompile Include="..\..\lib\PowerVR\PVRTQuaternionF.cpp">
      <Filter>lib\powerVR</Filter>
    </ClCompile>
    <ClCompile Include="..\..\lib\PowerVR\PVRTQuaternionX.cpp">
      <Filter>lib\powerVR</Filter>
    </ClCompile>
    <ClCompile Include="..\..\lib\PowerVR\PVRTResourceFile.cpp">
      <Filter>lib\powerVR</Filter>
    </ClCompile>
    <ClCompile Include="..\..\lib\PowerVR\PVRTString.cpp">
      <Filter>lib\powerVR</Filter>
    </ClCompile>
    <ClCompile Include="..\..\lib\PowerVR\PVRTTexture.cpp">
      <Filter>lib\powerVR</Filter>
    </ClCompile>
    <ClCompile Include="..\..\lib\PowerVR\PVRTTrans.cpp">
      <Filter>lib\powerVR</Filter>
    </ClCompile>
    <ClCompile Include="..\..\lib\PowerVR\PVRTTriStrip.cpp">
      <Filter>lib\powerVR</Filter>
    </ClCompile>
    <ClCompile Include="..\..\lib\PowerVR\PVRTVector.cpp">
      <Filter>lib\powerVR</Filter>
    </ClCompile>
    <ClCompile Include="..\..\lib\PowerVR\PVRTVertex.cpp">
      <Filter>lib\powerVR</Filter>
    </ClCompile>
    <ClCompile Include="..\..\lib\PowerVR\PVRTBoneBatch.cpp">
      <Filter>lib\powerVR</Filter>
    </ClCompile>
    <ClCompile Include="..\..\lib\PowerVR\PVRTDecompress.cpp">
      <Filter>lib\powerVR</Filter>
    </ClCompile>
    <ClCompile Include="..\..\lib\PowerVR\PVRTError.cpp">
      <Filter>lib\powerVR</Filter>
    </ClCompile>
    <ClCompile Include="..\..\lib\PowerVR\PVRTFixedPoint.cpp">
      <Filter>lib\powerVR</Filter>
    </ClCompile>
    <ClCompile Include="..\..\lib\PowerVR\PVRTGeometry.cpp">
      <Filter>lib\powerVR</Filter>
    </ClCompile>
    <ClCompile Include="..\..\lib\PowerVR\PVRTMatrixF.cpp">
      <Filter>lib\powerVR</Filter>
    </ClCompile>
    <ClCompile Include="..\..\lib\PowerVR\PVRTMatrixX.cpp">
      <Filter>lib\powerVR</Filter>
    </ClCompile>
    <ClCompile Include="..\..\lib\PowerVR\PVRTMisc.cpp">
      <Filter>lib\powerVR</Filter>
    </ClCompile>
    <ClCompile Include="..\..\lib\bullet\src\BulletCollision\BroadphaseCollision\btAxisSweep3.cpp">
      <Filter>lib\bulletPhysics</Filter>
    </ClCompile>
    <ClCompile Include="..\..\lib\bullet\src\BulletCollision\BroadphaseCollision\btBroadphaseProxy.cpp">
      <Filter>lib\bulletPhysics</Filter>
    </ClCompile>
    <ClCompile Include="..\..\lib\bullet\src\BulletCollision\BroadphaseCollision\btCollisionAlgorithm.cpp">
      <Filter>lib\bulletPhysics</Filter>
    </ClCompile>
    <ClCompile Include="..\..\lib\bullet\src\BulletCollision\BroadphaseCollision\btDbvt.cpp">
      <Filter>lib\bulletPhysics</Filter>
    </ClCompile>
    <ClCompile Include="..\..\lib\bullet\src\BulletCollision\BroadphaseCollision\btDbvtBroadphase.cpp">
      <Filter>lib\bulletPhysics</Filter>
    </ClCompile>
    <ClCompile Include="..\..\lib\bullet\src\BulletCollision\BroadphaseCollision\btDispatcher.cpp">
      <Filter>lib\bulletPhysics</Filter>
    </ClCompile>
    <ClCompile Include="..\..\lib\bullet\src\BulletCollision\BroadphaseCollision\btMultiSapBroadphase.cpp">
      <Filter>lib\bulletPhysics</Filter>
    </ClCompile>
    <ClCompile Include="..\..\lib\bullet\src\BulletCollision\BroadphaseCollision\btOverlappingPairCache.cpp">
      <Filter>lib\bulletPhysics</Filter>
    </ClCompile>
    <ClCompile Include="..\..\lib\bullet\src\BulletCollision\BroadphaseCollision\btQuantizedBvh.cpp">
      <Filter>lib\bulletPhysics</Filter>
    </ClCompile>
    <ClCompile Include="..\..\lib\bullet\src\BulletCollision\BroadphaseCollision\btSimpleBroadphase.cpp">
      <Filter>lib\bulletPhysics</Filter>
    </ClCompile>
    <ClCompile Include="..\..\lib\bullet\src\BulletCollision\CollisionDispatch\btActivatingCollisionAlgorithm.cpp">
      <Filter>lib\bulletPhysics</Filter>
    </ClCompile>
    <ClCompile Include="..\..\lib\bullet\src\BulletCollision\CollisionDispatch\btBox2dBox2dCollisionAlgorithm.cpp">
      <Filter>lib\bulletPhysics</Filter>
    </ClCompile>
    <ClCompile Include="..\..\lib\bullet\src\BulletCollision\CollisionDispatch\btBoxBoxCollisionAlgorithm.cpp">
      <Filter>lib\bulletPhysics</Filter>
    </ClCompile>
    <ClCompile Include="..\..\lib\bullet\src\BulletCollision\CollisionDispatch\btBoxBoxDetector.cpp">
      <Filter>lib\bulletPhysics</Filter>
    </ClCompile>
    <ClCompile Include="..\..\lib\bullet\src\BulletCollision\CollisionDispatch\btCollisionDispatcher.cpp">
      <Filter>lib\bulletPhysics</Filter>
    </ClCompile>
    <ClCompile Include="..\..\lib\bullet\src\BulletCollision\CollisionDispatch\btCollisionObject.cpp">
      <Filter>lib\bulletPhysics</Filter>
    </ClCompile>
    <ClCompile Include="..\..\lib\bullet\src\BulletCollision\CollisionDispatch\btCollisionWorld.cpp">
      <Filter>lib\bulletPhysics</Filter>
    </ClCompile>
    <ClCompile Include="..\..\lib\bullet\src\BulletCollision\CollisionDispatch\btCompoundCollisionAlgorithm.cpp">
      <Filter>lib\bulletPhysics</Filter>
    </ClCompile>
    <ClCompile Include="..\..\lib\bullet\src\BulletCollision\CollisionDispatch\btConvex2dConvex2dAlgorithm.cpp">
      <Filter>lib\bulletPhysics</Filter>
    </ClCompile>
    <ClCompile Include="..\..\lib\bullet\src\BulletCollision\CollisionDispatch\btConvexConcaveCollisionAlgorithm.cpp">
      <Filter>lib\bulletPhysics</Filter>
    </ClCompile>
    <ClCompile Include="..\..\lib\bullet\src\BulletCollision\CollisionDispatch\btConvexConvexAlgorithm.cpp">
      <Filter>lib\bulletPhysics</Filter>
    </ClCompile>
    <ClCompile Include="..\..\lib\bullet\src\BulletCollision\CollisionDispatch\btConvexPlaneCollisionAlgorithm.cpp">
      <Filter>lib\bulletPhysics</Filter>
    </ClCompile>
    <ClCompile Include="..\..\lib\bullet\src\BulletCollision\CollisionDispatch\btDefaultCollisionConfiguration.cpp">
      <Filter>lib\bulletPhysics</Filter>
    </ClCompile>
    <ClCompile Include="..\..\lib\bullet\src\BulletCollision\CollisionDispatch\btEmptyCollisionAlgorithm.cpp">
      <Filter>lib\bulletPhysics</Filter>
    </ClCompile>
    <ClCompile Include="..\..\lib\bullet\src\BulletCollision\CollisionDispatch\btGhostObject.cpp">
      <Filter>lib\bulletPhysics</Filter>
    </ClCompile>
    <ClCompile Include="..\..\lib\bullet\src\BulletCollision\CollisionDispatch\btInternalEdgeUtility.cpp">
      <Filter>lib\bulletPhysics</Filter>
    </ClCompile>
    <ClCompile Include="..\..\lib\bullet\src\BulletCollision\CollisionDispatch\btManifoldResult.cpp">
      <Filter>lib\bulletPhysics</Filter>
    </ClCompile>
    <ClCompile Include="..\..\lib\bullet\src\BulletCollision\CollisionDispatch\btSimulationIslandManager.cpp">
      <Filter>lib\bulletPhysics</Filter>
    </ClCompile>
    <ClCompile Include="..\..\lib\bullet\src\BulletCollision\CollisionDispatch\btSphereBoxCollisionAlgorithm.cpp">
      <Filter>lib\bulletPhysics</Filter>
    </ClCompile>
    <ClCompile Include="..\..\lib\bullet\src\BulletCollision\CollisionDispatch\btSphereSphereCollisionAlgorithm.cpp">
      <Filter>lib\bulletPhysics</Filter>
    </ClCompile>
    <ClCompile Include="..\..\lib\bullet\src\BulletCollision\CollisionDispatch\btSphereTriangleCollisionAlgorithm.cpp">
      <Filter>lib\bulletPhysics</Filter>
    </ClCompile>
    <ClCompile Include="..\..\lib\bullet\src\BulletCollision\CollisionDispatch\btUnionFind.cpp">
      <Filter>lib\bulletPhysics</Filter>
    </ClCompile>
    <ClCompile Include="..\..\lib\bullet\src\BulletCollision\CollisionDispatch\SphereTriangleDetector.cpp">
      <Filter>lib\bulletPhysics</Filter>
    </ClCompile>
    <ClCompile Include="..\..\lib\bullet\src\BulletCollision\CollisionShapes\btBox2dShape.cpp">
      <Filter>lib\bulletPhysics</Filter>
    </ClCompile>
    <ClCompile Include="..\..\lib\bullet\src\BulletCollision\CollisionShapes\btBoxShape.cpp">
      <Filter>lib\bulletPhysics</Filter>
    </ClCompile>
    <ClCompile Include="..\..\lib\bullet\src\BulletCollision\CollisionShapes\btBvhTriangleMeshShape.cpp">
      <Filter>lib\bulletPhysics</Filter>
    </ClCompile>
    <ClCompile Include="..\..\lib\bullet\src\BulletCollision\CollisionShapes\btCapsuleShape.cpp">
      <Filter>lib\bulletPhysics</Filter>
    </ClCompile>
    <ClCompile Include="..\..\lib\bullet\src\BulletCollision\CollisionShapes\btCollisionShape.cpp">
      <Filter>lib\bulletPhysics</Filter>
    </ClCompile>
    <ClCompile Include="..\..\lib\bullet\src\BulletCollision\CollisionShapes\btCompoundShape.cpp">
      <Filter>lib\bulletPhysics</Filter>
    </ClCompile>
    <ClCompile Include="..\..\lib\bullet\src\BulletCollision\CollisionShapes\btConcaveShape.cpp">
      <Filter>lib\bulletPhysics</Filter>
    </ClCompile>
    <ClCompile Include="..\..\lib\bullet\src\BulletCollision\CollisionShapes\btConeShape.cpp">
      <Filter>lib\bulletPhysics</Filter>
    </ClCompile>
    <ClCompile Include="..\..\lib\bullet\src\BulletCollision\CollisionShapes\btConvex2dShape.cpp">
      <Filter>lib\bulletPhysics</Filter>
    </ClCompile>
    <ClCompile Include="..\..\lib\bullet\src\BulletCollision\CollisionShapes\btConvexHullShape.cpp">
      <Filter>lib\bulletPhysics</Filter>
    </ClCompile>
    <ClCompile Include="..\..\lib\bullet\src\BulletCollision\CollisionShapes\btConvexInternalShape.cpp">
      <Filter>lib\bulletPhysics</Filter>
    </ClCompile>
    <ClCompile Include="..\..\lib\bullet\src\BulletCollision\CollisionShapes\btConvexPointCloudShape.cpp">
      <Filter>lib\bulletPhysics</Filter>
    </ClCompile>
    <ClCompile Include="..\..\lib\bullet\src\BulletCollision\CollisionShapes\btConvexPolyhedron.cpp">
      <Filter>lib\bulletPhysics</Filter>
    </ClCompile>
    <ClCompile Include="..\..\lib\bullet\src\BulletCollision\CollisionShapes\btConvexShape.cpp">
      <Filter>lib\bulletPhysics</Filter>
    </ClCompile>
    <ClCompile Include="..\..\lib\bullet\src\BulletCollision\CollisionShapes\btConvexTriangleMeshShape.cpp">
      <Filter>lib\bulletPhysics</Filter>
    </ClCompile>
    <ClCompile Include="..\..\lib\bullet\src\BulletCollision\CollisionShapes\btCylinderShape.cpp">
      <Filter>lib\bulletPhysics</Filter>
    </ClCompile>
    <ClCompile Include="..\..\lib\bullet\src\BulletCollision\CollisionShapes\btEmptyShape.cpp">
      <Filter>lib\bulletPhysics</Filter>
    </ClCompile>
    <ClCompile Include="..\..\lib\bullet\src\BulletCollision\CollisionShapes\btHeightfieldTerrainShape.cpp">
      <Filter>lib\bulletPhysics</Filter>
    </ClCompile>
    <ClCompile Include="..\..\lib\bullet\src\BulletCollision\CollisionShapes\btMinkowskiSumShape.cpp">
      <Filter>lib\bulletPhysics</Filter>
    </ClCompile>
    <ClCompile Include="..\..\lib\bullet\src\BulletCollision\CollisionShapes\btMultimaterialTriangleMeshShape.cpp">
      <Filter>lib\bulletPhysics</Filter>
    </ClCompile>
    <ClCompile Include="..\..\lib\bullet\src\BulletCollision\CollisionShapes\btMultiSphereShape.cpp">
      <Filter>lib\bulletPhysics</Filter>
    </ClCompile>
    <ClCompile Include="..\..\lib\bullet\src\BulletCollision\CollisionShapes\btOptimizedBvh.cpp">
      <Filter>lib\bulletPhysics</Filter>
    </ClCompile>
    <ClCompile Include="..\..\lib\bullet\src\BulletCollision\CollisionShapes\btPolyhedralConvexShape.cpp">
      <Filter>lib\bulletPhysics</Filter>
    </ClCompile>
    <ClCompile Include="..\..\lib\bullet\src\BulletCollision\CollisionShapes\btScaledBvhTriangleMeshShape.cpp">
      <Filter>lib\bulletPhysics</Filter>
    </ClCompile>
    <ClCompile Include="..\..\lib\bullet\src\BulletCollision\CollisionShapes\btShapeHull.cpp">
      <Filter>lib\bulletPhysics</Filter>
    </ClCompile>
    <ClCompile Include="..\..\lib\bullet\src\BulletCollision\CollisionShapes\btSphereShape.cpp">
      <Filter>lib\bulletPhysics</Filter>
    </ClCompile>
    <ClCompile Include="..\..\lib\bullet\src\BulletCollision\CollisionShapes\btStaticPlaneShape.cpp">
      <Filter>lib\bulletPhysics</Filter>
    </ClCompile>
    <ClCompile Include="..\..\lib\bullet\src\BulletCollision\CollisionShapes\btStridingMeshInterface.cpp">
      <Filter>lib\bulletPhysics</Filter>
    </ClCompile>
    <ClCompile Include="..\..\lib\bullet\src\BulletCollision\CollisionShapes\btTetrahedronShape.cpp">
      <Filter>lib\bulletPhysics</Filter>
    </ClCompile>
    <ClCompile Include="..\..\lib\bullet\src\BulletCollision\CollisionShapes\btTriangleBuffer.cpp">
      <Filter>lib\bulletPhysics</Filter>
    </ClCompile>
    <ClCompile Include="..\..\lib\bullet\src\BulletCollision\CollisionShapes\btTriangleCallback.cpp">
      <Filter>lib\bulletPhysics</Filter>
    </ClCompile>
    <ClCompile Include="..\..\lib\bullet\src\BulletCollision\CollisionShapes\btTriangleIndexVertexArray.cpp">
      <Filter>lib\bulletPhysics</Filter>
    </ClCompile>
    <ClCompile Include="..\..\lib\bullet\src\BulletCollision\CollisionShapes\btTriangleIndexVertexMaterialArray.cpp">
      <Filter>lib\bulletPhysics</Filter>
    </ClCompile>
    <ClCompile Include="..\..\lib\bullet\src\BulletCollision\CollisionShapes\btTriangleMesh.cpp">
      <Filter>lib\bulletPhysics</Filter>
    </ClCompile>
    <ClCompile Include="..\..\lib\bullet\src\BulletCollision\CollisionShapes\btTriangleMeshShape.cpp">
      <Filter>lib\bulletPhysics</Filter>
    </ClCompile>
    <ClCompile Include="..\..\lib\bullet\src\BulletCollision\CollisionShapes\btUniformScalingShape.cpp">
      <Filter>lib\bulletPhysics</Filter>
    </ClCompile>
    <ClCompile Include="..\..\lib\bullet\src\BulletCollision\Gimpact\btContactProcessing.cpp">
      <Filter>lib\bulletPhysics</Filter>
    </ClCompile>
    <ClCompile Include="..\..\lib\bullet\src\BulletCollision\Gimpact\btGenericPoolAllocator.cpp">
      <Filter>lib\bulletPhysics</Filter>
    </ClCompile>
    <ClCompile Include="..\..\lib\bullet\src\BulletCollision\Gimpact\btGImpactBvh.cpp">
      <Filter>lib\bulletPhysics</Filter>
    </ClCompile>
    <ClCompile Include="..\..\lib\bullet\src\BulletCollision\Gimpact\btGImpactCollisionAlgorithm.cpp">
      <Filter>lib\bulletPhysics</Filter>
    </ClCompile>
    <ClCompile Include="..\..\lib\bullet\src\BulletCollision\Gimpact\btGImpactQuantizedBvh.cpp">
      <Filter>lib\bulletPhysics</Filter>
    </ClCompile>
    <ClCompile Include="..\..\lib\bullet\src\BulletCollision\Gimpact\btGImpactShape.cpp">
      <Filter>lib\bulletPhysics</Filter>
    </ClCompile>
    <ClCompile Include="..\..\lib\bullet\src\BulletCollision\Gimpact\btTriangleShapeEx.cpp">
      <Filter>lib\bulletPhysics</Filter>
    </ClCompile>
    <ClCompile Include="..\..\lib\bullet\src\BulletCollision\Gimpact\gim_box_set.cpp">
      <Filter>lib\bulletPhysics</Filter>
    </ClCompile>
    <ClCompile Include="..\..\lib\bullet\src\BulletCollision\Gimpact\gim_contact.cpp">
      <Filter>lib\bulletPhysics</Filter>
    </ClCompile>
    <ClCompile Include="..\..\lib\bullet\src\BulletCollision\Gimpact\gim_memory.cpp">
      <Filter>lib\bulletPhysics</Filter>
    </ClCompile>
    <ClCompile Include="..\..\lib\bullet\src\BulletCollision\Gimpact\gim_tri_collision.cpp">
      <Filter>lib\bulletPhysics</Filter>
    </ClCompile>
    <ClCompile Include="..\..\lib\bullet\src\BulletCollision\NarrowPhaseCollision\btContinuousConvexCollision.cpp">
      <Filter>lib\bulletPhysics</Filter>
    </ClCompile>
    <ClCompile Include="..\..\lib\bullet\src\BulletCollision\NarrowPhaseCollision\btConvexCast.cpp">
      <Filter>lib\bulletPhysics</Filter>
    </ClCompile>
    <ClCompile Include="..\..\lib\bullet\src\BulletCollision\NarrowPhaseCollision\btGjkConvexCast.cpp">
      <Filter>lib\bulletPhysics</Filter>
    </ClCompile>
    <ClCompile Include="..\..\lib\bullet\src\BulletCollision\NarrowPhaseCollision\btGjkEpa2.cpp">
      <Filter>lib\bulletPhysics</Filter>
    </ClCompile>
    <ClCompile Include="..\..\lib\bullet\src\BulletCollision\NarrowPhaseCollision\btGjkEpaPenetrationDepthSolver.cpp">
      <Filter>lib\bulletPhysics</Filter>
    </ClCompile>
    <ClCompile Include="..\..\lib\bullet\src\BulletCollision\NarrowPhaseCollision\btGjkPairDetector.cpp">
      <Filter>lib\bulletPhysics</Filter>
    </ClCompile>
    <ClCompile Include="..\..\lib\bullet\src\BulletCollision\NarrowPhaseCollision\btMinkowskiPenetrationDepthSolver.cpp">
      <Filter>lib\bulletPhysics</Filter>
    </ClCompile>
    <ClCompile Include="..\..\lib\bullet\src\BulletCollision\NarrowPhaseCollision\btPersistentManifold.cpp">
      <Filter>lib\bulletPhysics</Filter>
    </ClCompile>
    <ClCompile Include="..\..\lib\bullet\src\BulletCollision\NarrowPhaseCollision\btPolyhedralContactClipping.cpp">
      <Filter>lib\bulletPhysics</Filter>
    </ClCompile>
    <ClCompile Include="..\..\lib\bullet\src\BulletCollision\NarrowPhaseCollision\btRaycastCallback.cpp">
      <Filter>lib\bulletPhysics</Filter>
    </ClCompile>
    <ClCompile Include="..\..\lib\bullet\src\BulletCollision\NarrowPhaseCollision\btSubSimplexConvexCast.cpp">
      <Filter>lib\bulletPhysics</Filter>
    </ClCompile>
    <ClCompile Include="..\..\lib\bullet\src\BulletCollision\NarrowPhaseCollision\btVoronoiSimplexSolver.cpp">
      <Filter>lib\bulletPhysics</Filter>
    </ClCompile>
    <ClCompile Include="..\..\lib\bullet\src\BulletDynamics\Character\btKinematicCharacterController.cpp">
      <Filter>lib\bulletPhysics</Filter>
    </ClCompile>
    <ClCompile Include="..\..\lib\bullet\src\BulletDynamics\ConstraintSolver\btConeTwistConstraint.cpp">
      <Filter>lib\bulletPhysics</Filter>
    </ClCompile>
    <ClCompile Include="..\..\lib\bullet\src\BulletDynamics\ConstraintSolver\btContactConstraint.cpp">
      <Filter>lib\bulletPhysics</Filter>
    </ClCompile>
    <ClCompile Include="..\..\lib\bullet\src\BulletDynamics\ConstraintSolver\btGearConstraint.cpp">
      <Filter>lib\bulletPhysics</Filter>
    </ClCompile>
    <ClCompile Include="..\..\lib\bullet\src\BulletDynamics\ConstraintSolver\btGeneric6DofConstraint.cpp">
      <Filter>lib\bulletPhysics</Filter>
    </ClCompile>
    <ClCompile Include="..\..\lib\bullet\src\BulletDynamics\ConstraintSolver\btGeneric6DofSpringConstraint.cpp">
      <Filter>lib\bulletPhysics</Filter>
    </ClCompile>
    <ClCompile Include="..\..\lib\bullet\src\BulletDynamics\ConstraintSolver\btHinge2Constraint.cpp">
      <Filter>lib\bulletPhysics</Filter>
    </ClCompile>
    <ClCompile Include="..\..\lib\bullet\src\BulletDynamics\ConstraintSolver\btHingeConstraint.cpp">
      <Filter>lib\bulletPhysics</Filter>
    </ClCompile>
    <ClCompile Include="..\..\lib\bullet\src\BulletDynamics\ConstraintSolver\btPoint2PointConstraint.cpp">
      <Filter>lib\bulletPhysics</Filter>
    </ClCompile>
    <ClCompile Include="..\..\lib\bullet\src\BulletDynamics\ConstraintSolver\btSequentialImpulseConstraintSolver.cpp">
      <Filter>lib\bulletPhysics</Filter>
    </ClCompile>
    <ClCompile Include="..\..\lib\bullet\src\BulletDynamics\ConstraintSolver\btSliderConstraint.cpp">
      <Filter>lib\bulletPhysics</Filter>
    </ClCompile>
    <ClCompile Include="..\..\lib\bullet\src\BulletDynamics\ConstraintSolver\btSolve2LinearConstraint.cpp">
      <Filter>lib\bulletPhysics</Filter>
    </ClCompile>
    <ClCompile Include="..\..\lib\bullet\src\BulletDynamics\ConstraintSolver\btTypedConstraint.cpp">
      <Filter>lib\bulletPhysics</Filter>
    </ClCompile>
    <ClCompile Include="..\..\lib\bullet\src\BulletDynamics\ConstraintSolver\btUniversalConstraint.cpp">
      <Filter>lib\bulletPhysics</Filter>
    </ClCompile>
    <ClCompile Include="..\..\lib\bullet\src\BulletDynamics\Dynamics\btDiscreteDynamicsWorld.cpp">
      <Filter>lib\bulletPhysics</Filter>
    </ClCompile>
    <ClCompile Include="..\..\lib\bullet\src\BulletDynamics\Dynamics\btRigidBody.cpp">
      <Filter>lib\bulletPhysics</Filter>
    </ClCompile>
    <ClCompile Include="..\..\lib\bullet\src\BulletDynamics\Dynamics\btSimpleDynamicsWorld.cpp">
      <Filter>lib\bulletPhysics</Filter>
    </ClCompile>
    <ClCompile Include="..\..\lib\bullet\src\BulletDynamics\Dynamics\Bullet-C-API.cpp">
      <Filter>lib\bulletPhysics</Filter>
    </ClCompile>
    <ClCompile Include="..\..\lib\bullet\src\BulletDynamics\Vehicle\btRaycastVehicle.cpp">
      <Filter>lib\bulletPhysics</Filter>
    </ClCompile>
    <ClCompile Include="..\..\lib\bullet\src\BulletDynamics\Vehicle\btWheelInfo.cpp">
      <Filter>lib\bulletPhysics</Filter>
    </ClCompile>
    <ClCompile Include="..\..\lib\bullet\src\LinearMath\btAlignedAllocator.cpp">
      <Filter>lib\bulletPhysics</Filter>
    </ClCompile>
    <ClCompile Include="..\..\lib\bullet\src\LinearMath\btConvexHull.cpp">
      <Filter>lib\bulletPhysics</Filter>
    </ClCompile>
    <ClCompile Include="..\..\lib\bullet\src\LinearMath\btConvexHullComputer.cpp">
      <Filter>lib\bulletPhysics</Filter>
    </ClCompile>
    <ClCompile Include="..\..\lib\bullet\src\LinearMath\btGeometryUtil.cpp">
      <Filter>lib\bulletPhysics</Filter>
    </ClCompile>
    <ClCompile Include="..\..\lib\bullet\src\LinearMath\btPolarDecomposition.cpp">
      <Filter>lib\bulletPhysics</Filter>
    </ClCompile>
    <ClCompile Include="..\..\lib\bullet\src\LinearMath\btQuickprof.cpp">
      <Filter>lib\bulletPhysics</Filter>
    </ClCompile>
    <ClCompile Include="..\..\lib\bullet\src\LinearMath\btSerializer.cpp">
      <Filter>lib\bulletPhysics</Filter>
    </ClCompile>
    <ClCompile Include="..\..\lib\bullet\src\LinearMath\btVector3.cpp">
      <Filter>lib\bulletPhysics</Filter>
    </ClCompile>
    <ClCompile Include="..\..\beowolf\math\W_Math.cpp">
      <Filter>beowolf\math</Filter>
    </ClCompile>
    <ClCompile Include="..\..\beowolf\text\W_TextTable.cpp">
      <Filter>beowolf\text</Filter>
    </ClCompile>
    <ClCompile Include="..\..\beowolf\graphics\core\W_MaterialManager.cpp">
      <Filter>beowolf\graphics\core</Filter>
    </ClCompile>
    <ClCompile Include="..\..\beowolf\graphics\core\W_Model.cpp">
      <Filter>beowolf\graphics\core</Filter>
    </ClCompile>
    <ClCompile Include="..\..\beowolf\graphics\core\W_Program.cpp">
      <Filter>beowolf\graphics\core</Filter>
    </ClCompile>
    <ClCompile Include="..\..\beowolf\graphics\core\W_ProgramManager.cpp">
      <Filter>beowolf\graphics\core</Filter>
    </ClCompile>
    <ClCompile Include="..\..\beowolf\graphics\core\W_Texture.cpp">
      <Filter>beowolf\graphics\core</Filter>
    </ClCompile>
    <ClCompile Include="..\..\beowolf\graphics\core\W_TextureManager.cpp">
      <Filter>beowolf\graphics\core</Filter>
    </ClCompile>
    <ClCompile Include="..\..\beowolf\graphics\core\W_VertexBuffer.cpp">
      <Filter>beowolf\graphics\core</Filter>
    </ClCompile>
    <ClCompile Include="..\..\beowolf\graphics\core\W_VertexDeclaration.cpp">
      <Filter>beowolf\graphics\core</Filter>
    </ClCompile>
    <ClCompile Include="..\..\beowolf\graphics\core\W_Buffer.cpp">
      <Filter>beowolf\graphics\core</Filter>
    </ClCompile>
    <ClCompile Include="..\..\beowolf\graphics\core\W_BufferManager.cpp">
      <Filter>beowolf\graphics\core</Filter>
    </ClCompile>
    <ClCompile Include="..\..\beowolf\graphics\core\W_IndexBuffer.cpp">
      <Filter>beowolf\graphics\core</Filter>
    </ClCompile>
    <ClCompile Include="..\..\beowolf\graphics\core\W_Material.cpp">
      <Filter>beowolf\graphics\core</Filter>
    </ClCompile>
    <ClCompile Include="..\..\beowolf\math\W_Math3D.cpp">
      <Filter>beowolf\math</Filter>
    </ClCompile>
    <ClCompile Include="..\..\beowolf\graphics\text\W_Font.cpp">
      <Filter>beowolf\graphics\text</Filter>
    </ClCompile>
    <ClCompile Include="..\..\beowolf\graphics\text\W_TextBox.cpp">
      <Filter>beowolf\graphics\text</Filter>
    </ClCompile>
    <ClCompile Include="..\..\beowolf\graphics\DebugCube.cpp">
      <Filter>beowolf\graphics</Filter>
    </ClCompile>
    <ClCompile Include="..\..\beowolf\graphics\Node.cpp">
      <Filter>beowolf\graphics</Filter>
    </ClCompile>
    <ClCompile Include="..\..\beowolf\graphics\QuadTree.cpp">
      <Filter>beowolf\graphics</Filter>
    </ClCompile>
    <ClCompile Include="..\..\beowolf\graphics\SceneRenderer.cpp">
      <Filter>beowolf\graphics</Filter>
    </ClCompile>
    <ClCompile Include="..\..\beowolf\graphics\DebugCamera.cpp">
      <Filter>beowolf\graphics</Filter>
    </ClCompile>
    <ClCompile Include="..\..\beowolf\graphics\particles\Effect.cpp">
      <Filter>beowolf\graphics\particles</Filter>
    </ClCompile>
    <ClCompile Include="..\..\beowolf\graphics\particles\Emitter.cpp">
      <Filter>beowolf\graphics\particles</Filter>
    </ClCompile>
    <ClCompile Include="..\..\beowolf\graphics\particles\Particle.cpp">
      <Filter>beowolf\graphics\particles</Filter>
    </ClCompile>
    <ClCompile Include="..\..\beowolf\graphics\particles\affectors\AffectorRecolor.cpp">
      <Filter>beowolf\graphics\particles\affectors</Filter>
    </ClCompile>
    <ClCompile Include="..\..\beowolf\graphics\particles\affectors\AffectorScale.cpp">
      <Filter>beowolf\graphics\particles\affectors</Filter>
    </ClCompile>
    <ClCompile Include="..\..\beowolf\graphics\particles\affectors\AffectorVelocity.cpp">
      <Filter>beowolf\graphics\particles\affectors</Filter>
    </ClCompile>
    <ClCompile Include="..\..\beowolf\graphics\particles\affectors\AffectorFade.cpp">
      <Filter>beowolf\graphics\particles\affectors</Filter>
    </ClCompile>
    <ClCompile Include="..\..\beowolf\graphics\particles\affectors\AffectorRandomPos.cpp">
      <Filter>beowolf\graphics\particles\affectors</Filter>
    </ClCompile>
  </ItemGroup>
  <ItemGroup>
    <ClInclude Include="..\..\beowolf\W_Common.h">
      <Filter>beowolf</Filter>
    </ClInclude>
    <ClInclude Include="..\..\beowolf\W_Input.h">
      <Filter>beowolf</Filter>
    </ClInclude>
    <ClInclude Include="..\..\beowolf\W_Input_Keys.h">
      <Filter>beowolf</Filter>
    </ClInclude>
    <ClInclude Include="..\..\beowolf\W_Types.h">
      <Filter>beowolf</Filter>
    </ClInclude>
    <ClInclude Include="..\..\beowolf\math\W_Math2D.h">
      <Filter>beowolf\math</Filter>
    </ClInclude>
    <ClInclude Include="..\..\beowolf\math\W_ProjectionMatrix.h">
      <Filter>beowolf\math</Filter>
    </ClInclude>
    <ClInclude Include="..\..\beowolf\math\W_RNG.h">
      <Filter>beowolf\math</Filter>
    </ClInclude>
    <ClInclude Include="..\..\beowolf\math\W_Time.h">
      <Filter>beowolf\math</Filter>
    </ClInclude>
    <ClInclude Include="..\..\lib\tinyxml\tinystr.h">
      <Filter>lib\tinyxml</Filter>
    </ClInclude>
    <ClInclude Include="..\..\lib\tinyxml\tinyxml.h">
      <Filter>lib\tinyxml</Filter>
    </ClInclude>
    <ClInclude Include="example\Scene.h" />
    <ClInclude Include="..\..\lib\PowerVR\PVRTModelPOD.h">
      <Filter>lib\powerVR</Filter>
    </ClInclude>
    <ClInclude Include="..\..\lib\PowerVR\PVRTools.h">
      <Filter>lib\powerVR</Filter>
    </ClInclude>
    <ClInclude Include="..\..\lib\PowerVR\PVRTPFXParser.h">
      <Filter>lib\powerVR</Filter>
    </ClInclude>
    <ClInclude Include="..\..\lib\PowerVR\PVRTQuaternion.h">
      <Filter>lib\powerVR</Filter>
    </ClInclude>
    <ClInclude Include="..\..\lib\PowerVR\PVRTResourceFile.h">
      <Filter>lib\powerVR</Filter>
    </ClInclude>
    <ClInclude Include="..\..\lib\PowerVR\PVRTSingleton.h">
      <Filter>lib\powerVR</Filter>
    </ClInclude>
    <ClInclude Include="..\..\lib\PowerVR\PVRTSkipGraph.h">
      <Filter>lib\powerVR</Filter>
    </ClInclude>
    <ClInclude Include="..\..\lib\PowerVR\PVRTString.h">
      <Filter>lib\powerVR</Filter>
    </ClInclude>
    <ClInclude Include="..\..\lib\PowerVR\PVRTTexture.h">
      <Filter>lib\powerVR</Filter>
    </ClInclude>
    <ClInclude Include="..\..\lib\PowerVR\PVRTTrans.h">
      <Filter>lib\powerVR</Filter>
    </ClInclude>
    <ClInclude Include="..\..\lib\PowerVR\PVRTTriStrip.h">
      <Filter>lib\powerVR</Filter>
    </ClInclude>
    <ClInclude Include="..\..\lib\PowerVR\PVRTVector.h">
      <Filter>lib\powerVR</Filter>
    </ClInclude>
    <ClInclude Include="..\..\lib\PowerVR\PVRTVertex.h">
      <Filter>lib\powerVR</Filter>
    </ClInclude>
    <ClInclude Include="..\..\lib\PowerVR\PVRTArray.h">
      <Filter>lib\powerVR</Filter>
    </ClInclude>
    <ClInclude Include="..\..\lib\PowerVR\PVRTBackground.h">
      <Filter>lib\powerVR</Filter>
    </ClInclude>
    <ClInclude Include="..\..\lib\PowerVR\PVRTBoneBatch.h">
      <Filter>lib\powerVR</Filter>
    </ClInclude>
    <ClInclude Include="..\..\lib\PowerVR\PVRTDecompress.h">
      <Filter>lib\powerVR</Filter>
    </ClInclude>
    <ClInclude Include="..\..\lib\PowerVR\PVRTError.h">
      <Filter>lib\powerVR</Filter>
    </ClInclude>
    <ClInclude Include="..\..\lib\PowerVR\PVRTFixedPoint.h">
      <Filter>lib\powerVR</Filter>
    </ClInclude>
    <ClInclude Include="..\..\lib\PowerVR\PVRTGeometry.h">
      <Filter>lib\powerVR</Filter>
    </ClInclude>
    <ClInclude Include="..\..\lib\PowerVR\PVRTGlobal.h">
      <Filter>lib\powerVR</Filter>
    </ClInclude>
    <ClInclude Include="..\..\lib\PowerVR\PVRTHash.h">
      <Filter>lib\powerVR</Filter>
    </ClInclude>
    <ClInclude Include="..\..\lib\PowerVR\PVRTMathTable.h">
      <Filter>lib\powerVR</Filter>
    </ClInclude>
    <ClInclude Include="..\..\lib\PowerVR\PVRTMatrix.h">
      <Filter>lib\powerVR</Filter>
    </ClInclude>
    <ClInclude Include="..\..\lib\PowerVR\PVRTMemoryFileSystem.h">
      <Filter>lib\powerVR</Filter>
    </ClInclude>
    <ClInclude Include="..\..\lib\PowerVR\PVRTMisc.h">
      <Filter>lib\powerVR</Filter>
    </ClInclude>
    <ClInclude Include="..\..\lib\bullet\src\btBulletCollisionCommon.h">
      <Filter>lib\bulletPhysics</Filter>
    </ClInclude>
    <ClInclude Include="..\..\lib\bullet\src\btBulletDynamicsCommon.h">
      <Filter>lib\bulletPhysics</Filter>
    </ClInclude>
    <ClInclude Include="..\..\lib\bullet\src\Bullet-C-Api.h">
      <Filter>lib\bulletPhysics</Filter>
    </ClInclude>
    <ClInclude Include="..\..\lib\bullet\src\BulletCollision\BroadphaseCollision\btAxisSweep3.h">
      <Filter>lib\bulletPhysics</Filter>
    </ClInclude>
    <ClInclude Include="..\..\lib\bullet\src\BulletCollision\BroadphaseCollision\btBroadphaseInterface.h">
      <Filter>lib\bulletPhysics</Filter>
    </ClInclude>
    <ClInclude Include="..\..\lib\bullet\src\BulletCollision\BroadphaseCollision\btBroadphaseProxy.h">
      <Filter>lib\bulletPhysics</Filter>
    </ClInclude>
    <ClInclude Include="..\..\lib\bullet\src\BulletCollision\BroadphaseCollision\btCollisionAlgorithm.h">
      <Filter>lib\bulletPhysics</Filter>
    </ClInclude>
    <ClInclude Include="..\..\lib\bullet\src\BulletCollision\BroadphaseCollision\btDbvt.h">
      <Filter>lib\bulletPhysics</Filter>
    </ClInclude>
    <ClInclude Include="..\..\lib\bullet\src\BulletCollision\BroadphaseCollision\btDbvtBroadphase.h">
      <Filter>lib\bulletPhysics</Filter>
    </ClInclude>
    <ClInclude Include="..\..\lib\bullet\src\BulletCollision\BroadphaseCollision\btDispatcher.h">
      <Filter>lib\bulletPhysics</Filter>
    </ClInclude>
    <ClInclude Include="..\..\lib\bullet\src\BulletCollision\BroadphaseCollision\btMultiSapBroadphase.h">
      <Filter>lib\bulletPhysics</Filter>
    </ClInclude>
    <ClInclude Include="..\..\lib\bullet\src\BulletCollision\BroadphaseCollision\btOverlappingPairCache.h">
      <Filter>lib\bulletPhysics</Filter>
    </ClInclude>
    <ClInclude Include="..\..\lib\bullet\src\BulletCollision\BroadphaseCollision\btOverlappingPairCallback.h">
      <Filter>lib\bulletPhysics</Filter>
    </ClInclude>
    <ClInclude Include="..\..\lib\bullet\src\BulletCollision\BroadphaseCollision\btQuantizedBvh.h">
      <Filter>lib\bulletPhysics</Filter>
    </ClInclude>
    <ClInclude Include="..\..\lib\bullet\src\BulletCollision\BroadphaseCollision\btSimpleBroadphase.h">
      <Filter>lib\bulletPhysics</Filter>
    </ClInclude>
    <ClInclude Include="..\..\lib\bullet\src\BulletCollision\CollisionDispatch\btActivatingCollisionAlgorithm.h">
      <Filter>lib\bulletPhysics</Filter>
    </ClInclude>
    <ClInclude Include="..\..\lib\bullet\src\BulletCollision\CollisionDispatch\btBox2dBox2dCollisionAlgorithm.h">
      <Filter>lib\bulletPhysics</Filter>
    </ClInclude>
    <ClInclude Include="..\..\lib\bullet\src\BulletCollision\CollisionDispatch\btBoxBoxCollisionAlgorithm.h">
      <Filter>lib\bulletPhysics</Filter>
    </ClInclude>
    <ClInclude Include="..\..\lib\bullet\src\BulletCollision\CollisionDispatch\btBoxBoxDetector.h">
      <Filter>lib\bulletPhysics</Filter>
    </ClInclude>
    <ClInclude Include="..\..\lib\bullet\src\BulletCollision\CollisionDispatch\btCollisionConfiguration.h">
      <Filter>lib\bulletPhysics</Filter>
    </ClInclude>
    <ClInclude Include="..\..\lib\bullet\src\BulletCollision\CollisionDispatch\btCollisionCreateFunc.h">
      <Filter>lib\bulletPhysics</Filter>
    </ClInclude>
    <ClInclude Include="..\..\lib\bullet\src\BulletCollision\CollisionDispatch\btCollisionDispatcher.h">
      <Filter>lib\bulletPhysics</Filter>
    </ClInclude>
    <ClInclude Include="..\..\lib\bullet\src\BulletCollision\CollisionDispatch\btCollisionObject.h">
      <Filter>lib\bulletPhysics</Filter>
    </ClInclude>
    <ClInclude Include="..\..\lib\bullet\src\BulletCollision\CollisionDispatch\btCollisionObjectWrapper.h">
      <Filter>lib\bulletPhysics</Filter>
    </ClInclude>
    <ClInclude Include="..\..\lib\bullet\src\BulletCollision\CollisionDispatch\btCollisionWorld.h">
      <Filter>lib\bulletPhysics</Filter>
    </ClInclude>
    <ClInclude Include="..\..\lib\bullet\src\BulletCollision\CollisionDispatch\btCompoundCollisionAlgorithm.h">
      <Filter>lib\bulletPhysics</Filter>
    </ClInclude>
    <ClInclude Include="..\..\lib\bullet\src\BulletCollision\CollisionDispatch\btConvex2dConvex2dAlgorithm.h">
      <Filter>lib\bulletPhysics</Filter>
    </ClInclude>
    <ClInclude Include="..\..\lib\bullet\src\BulletCollision\CollisionDispatch\btConvexConcaveCollisionAlgorithm.h">
      <Filter>lib\bulletPhysics</Filter>
    </ClInclude>
    <ClInclude Include="..\..\lib\bullet\src\BulletCollision\CollisionDispatch\btConvexConvexAlgorithm.h">
      <Filter>lib\bulletPhysics</Filter>
    </ClInclude>
    <ClInclude Include="..\..\lib\bullet\src\BulletCollision\CollisionDispatch\btConvexPlaneCollisionAlgorithm.h">
      <Filter>lib\bulletPhysics</Filter>
    </ClInclude>
    <ClInclude Include="..\..\lib\bullet\src\BulletCollision\CollisionDispatch\btDefaultCollisionConfiguration.h">
      <Filter>lib\bulletPhysics</Filter>
    </ClInclude>
    <ClInclude Include="..\..\lib\bullet\src\BulletCollision\CollisionDispatch\btEmptyCollisionAlgorithm.h">
      <Filter>lib\bulletPhysics</Filter>
    </ClInclude>
    <ClInclude Include="..\..\lib\bullet\src\BulletCollision\CollisionDispatch\btGhostObject.h">
      <Filter>lib\bulletPhysics</Filter>
    </ClInclude>
    <ClInclude Include="..\..\lib\bullet\src\BulletCollision\CollisionDispatch\btInternalEdgeUtility.h">
      <Filter>lib\bulletPhysics</Filter>
    </ClInclude>
    <ClInclude Include="..\..\lib\bullet\src\BulletCollision\CollisionDispatch\btManifoldResult.h">
      <Filter>lib\bulletPhysics</Filter>
    </ClInclude>
    <ClInclude Include="..\..\lib\bullet\src\BulletCollision\CollisionDispatch\btSimulationIslandManager.h">
      <Filter>lib\bulletPhysics</Filter>
    </ClInclude>
    <ClInclude Include="..\..\lib\bullet\src\BulletCollision\CollisionDispatch\btSphereBoxCollisionAlgorithm.h">
      <Filter>lib\bulletPhysics</Filter>
    </ClInclude>
    <ClInclude Include="..\..\lib\bullet\src\BulletCollision\CollisionDispatch\btSphereSphereCollisionAlgorithm.h">
      <Filter>lib\bulletPhysics</Filter>
    </ClInclude>
    <ClInclude Include="..\..\lib\bullet\src\BulletCollision\CollisionDispatch\btSphereTriangleCollisionAlgorithm.h">
      <Filter>lib\bulletPhysics</Filter>
    </ClInclude>
    <ClInclude Include="..\..\lib\bullet\src\BulletCollision\CollisionDispatch\btUnionFind.h">
      <Filter>lib\bulletPhysics</Filter>
    </ClInclude>
    <ClInclude Include="..\..\lib\bullet\src\BulletCollision\CollisionDispatch\SphereTriangleDetector.h">
      <Filter>lib\bulletPhysics</Filter>
    </ClInclude>
    <ClInclude Include="..\..\lib\bullet\src\BulletCollision\CollisionShapes\btBox2dShape.h">
      <Filter>lib\bulletPhysics</Filter>
    </ClInclude>
    <ClInclude Include="..\..\lib\bullet\src\BulletCollision\CollisionShapes\btBoxShape.h">
      <Filter>lib\bulletPhysics</Filter>
    </ClInclude>
    <ClInclude Include="..\..\lib\bullet\src\BulletCollision\CollisionShapes\btBvhTriangleMeshShape.h">
      <Filter>lib\bulletPhysics</Filter>
    </ClInclude>
    <ClInclude Include="..\..\lib\bullet\src\BulletCollision\CollisionShapes\btCapsuleShape.h">
      <Filter>lib\bulletPhysics</Filter>
    </ClInclude>
    <ClInclude Include="..\..\lib\bullet\src\BulletCollision\CollisionShapes\btCollisionMargin.h">
      <Filter>lib\bulletPhysics</Filter>
    </ClInclude>
    <ClInclude Include="..\..\lib\bullet\src\BulletCollision\CollisionShapes\btCollisionShape.h">
      <Filter>lib\bulletPhysics</Filter>
    </ClInclude>
    <ClInclude Include="..\..\lib\bullet\src\BulletCollision\CollisionShapes\btCompoundShape.h">
      <Filter>lib\bulletPhysics</Filter>
    </ClInclude>
    <ClInclude Include="..\..\lib\bullet\src\BulletCollision\CollisionShapes\btConcaveShape.h">
      <Filter>lib\bulletPhysics</Filter>
    </ClInclude>
    <ClInclude Include="..\..\lib\bullet\src\BulletCollision\CollisionShapes\btConeShape.h">
      <Filter>lib\bulletPhysics</Filter>
    </ClInclude>
    <ClInclude Include="..\..\lib\bullet\src\BulletCollision\CollisionShapes\btConvex2dShape.h">
      <Filter>lib\bulletPhysics</Filter>
    </ClInclude>
    <ClInclude Include="..\..\lib\bullet\src\BulletCollision\CollisionShapes\btConvexHullShape.h">
      <Filter>lib\bulletPhysics</Filter>
    </ClInclude>
    <ClInclude Include="..\..\lib\bullet\src\BulletCollision\CollisionShapes\btConvexInternalShape.h">
      <Filter>lib\bulletPhysics</Filter>
    </ClInclude>
    <ClInclude Include="..\..\lib\bullet\src\BulletCollision\CollisionShapes\btConvexPointCloudShape.h">
      <Filter>lib\bulletPhysics</Filter>
    </ClInclude>
    <ClInclude Include="..\..\lib\bullet\src\BulletCollision\CollisionShapes\btConvexPolyhedron.h">
      <Filter>lib\bulletPhysics</Filter>
    </ClInclude>
    <ClInclude Include="..\..\lib\bullet\src\BulletCollision\CollisionShapes\btConvexShape.h">
      <Filter>lib\bulletPhysics</Filter>
    </ClInclude>
    <ClInclude Include="..\..\lib\bullet\src\BulletCollision\CollisionShapes\btConvexTriangleMeshShape.h">
      <Filter>lib\bulletPhysics</Filter>
    </ClInclude>
    <ClInclude Include="..\..\lib\bullet\src\BulletCollision\CollisionShapes\btCylinderShape.h">
      <Filter>lib\bulletPhysics</Filter>
    </ClInclude>
    <ClInclude Include="..\..\lib\bullet\src\BulletCollision\CollisionShapes\btEmptyShape.h">
      <Filter>lib\bulletPhysics</Filter>
    </ClInclude>
    <ClInclude Include="..\..\lib\bullet\src\BulletCollision\CollisionShapes\btHeightfieldTerrainShape.h">
      <Filter>lib\bulletPhysics</Filter>
    </ClInclude>
    <ClInclude Include="..\..\lib\bullet\src\BulletCollision\CollisionShapes\btMaterial.h">
      <Filter>lib\bulletPhysics</Filter>
    </ClInclude>
    <ClInclude Include="..\..\lib\bullet\src\BulletCollision\CollisionShapes\btMinkowskiSumShape.h">
      <Filter>lib\bulletPhysics</Filter>
    </ClInclude>
    <ClInclude Include="..\..\lib\bullet\src\BulletCollision\CollisionShapes\btMultimaterialTriangleMeshShape.h">
      <Filter>lib\bulletPhysics</Filter>
    </ClInclude>
    <ClInclude Include="..\..\lib\bullet\src\BulletCollision\CollisionShapes\btMultiSphereShape.h">
      <Filter>lib\bulletPhysics</Filter>
    </ClInclude>
    <ClInclude Include="..\..\lib\bullet\src\BulletCollision\CollisionShapes\btOptimizedBvh.h">
      <Filter>lib\bulletPhysics</Filter>
    </ClInclude>
    <ClInclude Include="..\..\lib\bullet\src\BulletCollision\CollisionShapes\btPolyhedralConvexShape.h">
      <Filter>lib\bulletPhysics</Filter>
    </ClInclude>
    <ClInclude Include="..\..\lib\bullet\src\BulletCollision\CollisionShapes\btScaledBvhTriangleMeshShape.h">
      <Filter>lib\bulletPhysics</Filter>
    </ClInclude>
    <ClInclude Include="..\..\lib\bullet\src\BulletCollision\CollisionShapes\btShapeHull.h">
      <Filter>lib\bulletPhysics</Filter>
    </ClInclude>
    <ClInclude Include="..\..\lib\bullet\src\BulletCollision\CollisionShapes\btSphereShape.h">
      <Filter>lib\bulletPhysics</Filter>
    </ClInclude>
    <ClInclude Include="..\..\lib\bullet\src\BulletCollision\CollisionShapes\btStaticPlaneShape.h">
      <Filter>lib\bulletPhysics</Filter>
    </ClInclude>
    <ClInclude Include="..\..\lib\bullet\src\BulletCollision\CollisionShapes\btStridingMeshInterface.h">
      <Filter>lib\bulletPhysics</Filter>
    </ClInclude>
    <ClInclude Include="..\..\lib\bullet\src\BulletCollision\CollisionShapes\btTetrahedronShape.h">
      <Filter>lib\bulletPhysics</Filter>
    </ClInclude>
    <ClInclude Include="..\..\lib\bullet\src\BulletCollision\CollisionShapes\btTriangleBuffer.h">
      <Filter>lib\bulletPhysics</Filter>
    </ClInclude>
    <ClInclude Include="..\..\lib\bullet\src\BulletCollision\CollisionShapes\btTriangleCallback.h">
      <Filter>lib\bulletPhysics</Filter>
    </ClInclude>
    <ClInclude Include="..\..\lib\bullet\src\BulletCollision\CollisionShapes\btTriangleIndexVertexArray.h">
      <Filter>lib\bulletPhysics</Filter>
    </ClInclude>
    <ClInclude Include="..\..\lib\bullet\src\BulletCollision\CollisionShapes\btTriangleIndexVertexMaterialArray.h">
      <Filter>lib\bulletPhysics</Filter>
    </ClInclude>
    <ClInclude Include="..\..\lib\bullet\src\BulletCollision\CollisionShapes\btTriangleInfoMap.h">
      <Filter>lib\bulletPhysics</Filter>
    </ClInclude>
    <ClInclude Include="..\..\lib\bullet\src\BulletCollision\CollisionShapes\btTriangleMesh.h">
      <Filter>lib\bulletPhysics</Filter>
    </ClInclude>
    <ClInclude Include="..\..\lib\bullet\src\BulletCollision\CollisionShapes\btTriangleMeshShape.h">
      <Filter>lib\bulletPhysics</Filter>
    </ClInclude>
    <ClInclude Include="..\..\lib\bullet\src\BulletCollision\CollisionShapes\btTriangleShape.h">
      <Filter>lib\bulletPhysics</Filter>
    </ClInclude>
    <ClInclude Include="..\..\lib\bullet\src\BulletCollision\CollisionShapes\btUniformScalingShape.h">
      <Filter>lib\bulletPhysics</Filter>
    </ClInclude>
    <ClInclude Include="..\..\lib\bullet\src\BulletCollision\Gimpact\btBoxCollision.h">
      <Filter>lib\bulletPhysics</Filter>
    </ClInclude>
    <ClInclude Include="..\..\lib\bullet\src\BulletCollision\Gimpact\btClipPolygon.h">
      <Filter>lib\bulletPhysics</Filter>
    </ClInclude>
    <ClInclude Include="..\..\lib\bullet\src\BulletCollision\Gimpact\btContactProcessing.h">
      <Filter>lib\bulletPhysics</Filter>
    </ClInclude>
    <ClInclude Include="..\..\lib\bullet\src\BulletCollision\Gimpact\btGenericPoolAllocator.h">
      <Filter>lib\bulletPhysics</Filter>
    </ClInclude>
    <ClInclude Include="..\..\lib\bullet\src\BulletCollision\Gimpact\btGeometryOperations.h">
      <Filter>lib\bulletPhysics</Filter>
    </ClInclude>
    <ClInclude Include="..\..\lib\bullet\src\BulletCollision\Gimpact\btGImpactBvh.h">
      <Filter>lib\bulletPhysics</Filter>
    </ClInclude>
    <ClInclude Include="..\..\lib\bullet\src\BulletCollision\Gimpact\btGImpactCollisionAlgorithm.h">
      <Filter>lib\bulletPhysics</Filter>
    </ClInclude>
    <ClInclude Include="..\..\lib\bullet\src\BulletCollision\Gimpact\btGImpactMassUtil.h">
      <Filter>lib\bulletPhysics</Filter>
    </ClInclude>
    <ClInclude Include="..\..\lib\bullet\src\BulletCollision\Gimpact\btGImpactQuantizedBvh.h">
      <Filter>lib\bulletPhysics</Filter>
    </ClInclude>
    <ClInclude Include="..\..\lib\bullet\src\BulletCollision\Gimpact\btGImpactShape.h">
      <Filter>lib\bulletPhysics</Filter>
    </ClInclude>
    <ClInclude Include="..\..\lib\bullet\src\BulletCollision\Gimpact\btQuantization.h">
      <Filter>lib\bulletPhysics</Filter>
    </ClInclude>
    <ClInclude Include="..\..\lib\bullet\src\BulletCollision\Gimpact\btTriangleShapeEx.h">
      <Filter>lib\bulletPhysics</Filter>
    </ClInclude>
    <ClInclude Include="..\..\lib\bullet\src\BulletCollision\Gimpact\gim_array.h">
      <Filter>lib\bulletPhysics</Filter>
    </ClInclude>
    <ClInclude Include="..\..\lib\bullet\src\BulletCollision\Gimpact\gim_basic_geometry_operations.h">
      <Filter>lib\bulletPhysics</Filter>
    </ClInclude>
    <ClInclude Include="..\..\lib\bullet\src\BulletCollision\Gimpact\gim_bitset.h">
      <Filter>lib\bulletPhysics</Filter>
    </ClInclude>
    <ClInclude Include="..\..\lib\bullet\src\BulletCollision\Gimpact\gim_box_collision.h">
      <Filter>lib\bulletPhysics</Filter>
    </ClInclude>
    <ClInclude Include="..\..\lib\bullet\src\BulletCollision\Gimpact\gim_box_set.h">
      <Filter>lib\bulletPhysics</Filter>
    </ClInclude>
    <ClInclude Include="..\..\lib\bullet\src\BulletCollision\Gimpact\gim_clip_polygon.h">
      <Filter>lib\bulletPhysics</Filter>
    </ClInclude>
    <ClInclude Include="..\..\lib\bullet\src\BulletCollision\Gimpact\gim_contact.h">
      <Filter>lib\bulletPhysics</Filter>
    </ClInclude>
    <ClInclude Include="..\..\lib\bullet\src\BulletCollision\Gimpact\gim_geometry.h">
      <Filter>lib\bulletPhysics</Filter>
    </ClInclude>
    <ClInclude Include="..\..\lib\bullet\src\BulletCollision\Gimpact\gim_geom_types.h">
      <Filter>lib\bulletPhysics</Filter>
    </ClInclude>
    <ClInclude Include="..\..\lib\bullet\src\BulletCollision\Gimpact\gim_hash_table.h">
      <Filter>lib\bulletPhysics</Filter>
    </ClInclude>
    <ClInclude Include="..\..\lib\bullet\src\BulletCollision\Gimpact\gim_linear_math.h">
      <Filter>lib\bulletPhysics</Filter>
    </ClInclude>
    <ClInclude Include="..\..\lib\bullet\src\BulletCollision\Gimpact\gim_math.h">
      <Filter>lib\bulletPhysics</Filter>
    </ClInclude>
    <ClInclude Include="..\..\lib\bullet\src\BulletCollision\Gimpact\gim_memory.h">
      <Filter>lib\bulletPhysics</Filter>
    </ClInclude>
    <ClInclude Include="..\..\lib\bullet\src\BulletCollision\Gimpact\gim_radixsort.h">
      <Filter>lib\bulletPhysics</Filter>
    </ClInclude>
    <ClInclude Include="..\..\lib\bullet\src\BulletCollision\Gimpact\gim_tri_collision.h">
      <Filter>lib\bulletPhysics</Filter>
    </ClInclude>
    <ClInclude Include="..\..\lib\bullet\src\BulletCollision\NarrowPhaseCollision\btContinuousConvexCollision.h">
      <Filter>lib\bulletPhysics</Filter>
    </ClInclude>
    <ClInclude Include="..\..\lib\bullet\src\BulletCollision\NarrowPhaseCollision\btConvexCast.h">
      <Filter>lib\bulletPhysics</Filter>
    </ClInclude>
    <ClInclude Include="..\..\lib\bullet\src\BulletCollision\NarrowPhaseCollision\btConvexPenetrationDepthSolver.h">
      <Filter>lib\bulletPhysics</Filter>
    </ClInclude>
    <ClInclude Include="..\..\lib\bullet\src\BulletCollision\NarrowPhaseCollision\btDiscreteCollisionDetectorInterface.h">
      <Filter>lib\bulletPhysics</Filter>
    </ClInclude>
    <ClInclude Include="..\..\lib\bullet\src\BulletCollision\NarrowPhaseCollision\btGjkConvexCast.h">
      <Filter>lib\bulletPhysics</Filter>
    </ClInclude>
    <ClInclude Include="..\..\lib\bullet\src\BulletCollision\NarrowPhaseCollision\btGjkEpa2.h">
      <Filter>lib\bulletPhysics</Filter>
    </ClInclude>
    <ClInclude Include="..\..\lib\bullet\src\BulletCollision\NarrowPhaseCollision\btGjkEpaPenetrationDepthSolver.h">
      <Filter>lib\bulletPhysics</Filter>
    </ClInclude>
    <ClInclude Include="..\..\lib\bullet\src\BulletCollision\NarrowPhaseCollision\btGjkPairDetector.h">
      <Filter>lib\bulletPhysics</Filter>
    </ClInclude>
    <ClInclude Include="..\..\lib\bullet\src\BulletCollision\NarrowPhaseCollision\btManifoldPoint.h">
      <Filter>lib\bulletPhysics</Filter>
    </ClInclude>
    <ClInclude Include="..\..\lib\bullet\src\BulletCollision\NarrowPhaseCollision\btMinkowskiPenetrationDepthSolver.h">
      <Filter>lib\bulletPhysics</Filter>
    </ClInclude>
    <ClInclude Include="..\..\lib\bullet\src\BulletCollision\NarrowPhaseCollision\btPersistentManifold.h">
      <Filter>lib\bulletPhysics</Filter>
    </ClInclude>
    <ClInclude Include="..\..\lib\bullet\src\BulletCollision\NarrowPhaseCollision\btPointCollector.h">
      <Filter>lib\bulletPhysics</Filter>
    </ClInclude>
    <ClInclude Include="..\..\lib\bullet\src\BulletCollision\NarrowPhaseCollision\btPolyhedralContactClipping.h">
      <Filter>lib\bulletPhysics</Filter>
    </ClInclude>
    <ClInclude Include="..\..\lib\bullet\src\BulletCollision\NarrowPhaseCollision\btRaycastCallback.h">
      <Filter>lib\bulletPhysics</Filter>
    </ClInclude>
    <ClInclude Include="..\..\lib\bullet\src\BulletCollision\NarrowPhaseCollision\btSimplexSolverInterface.h">
      <Filter>lib\bulletPhysics</Filter>
    </ClInclude>
    <ClInclude Include="..\..\lib\bullet\src\BulletCollision\NarrowPhaseCollision\btSubSimplexConvexCast.h">
      <Filter>lib\bulletPhysics</Filter>
    </ClInclude>
    <ClInclude Include="..\..\lib\bullet\src\BulletCollision\NarrowPhaseCollision\btVoronoiSimplexSolver.h">
      <Filter>lib\bulletPhysics</Filter>
    </ClInclude>
    <ClInclude Include="..\..\lib\bullet\src\BulletDynamics\Character\btCharacterControllerInterface.h">
      <Filter>lib\bulletPhysics</Filter>
    </ClInclude>
    <ClInclude Include="..\..\lib\bullet\src\BulletDynamics\Character\btKinematicCharacterController.h">
      <Filter>lib\bulletPhysics</Filter>
    </ClInclude>
    <ClInclude Include="..\..\lib\bullet\src\BulletDynamics\ConstraintSolver\btConeTwistConstraint.h">
      <Filter>lib\bulletPhysics</Filter>
    </ClInclude>
    <ClInclude Include="..\..\lib\bullet\src\BulletDynamics\ConstraintSolver\btConstraintSolver.h">
      <Filter>lib\bulletPhysics</Filter>
    </ClInclude>
    <ClInclude Include="..\..\lib\bullet\src\BulletDynamics\ConstraintSolver\btContactConstraint.h">
      <Filter>lib\bulletPhysics</Filter>
    </ClInclude>
    <ClInclude Include="..\..\lib\bullet\src\BulletDynamics\ConstraintSolver\btContactSolverInfo.h">
      <Filter>lib\bulletPhysics</Filter>
    </ClInclude>
    <ClInclude Include="..\..\lib\bullet\src\BulletDynamics\ConstraintSolver\btGearConstraint.h">
      <Filter>lib\bulletPhysics</Filter>
    </ClInclude>
    <ClInclude Include="..\..\lib\bullet\src\BulletDynamics\ConstraintSolver\btGeneric6DofConstraint.h">
      <Filter>lib\bulletPhysics</Filter>
    </ClInclude>
    <ClInclude Include="..\..\lib\bullet\src\BulletDynamics\ConstraintSolver\btGeneric6DofSpringConstraint.h">
      <Filter>lib\bulletPhysics</Filter>
    </ClInclude>
    <ClInclude Include="..\..\lib\bullet\src\BulletDynamics\ConstraintSolver\btHinge2Constraint.h">
      <Filter>lib\bulletPhysics</Filter>
    </ClInclude>
    <ClInclude Include="..\..\lib\bullet\src\BulletDynamics\ConstraintSolver\btHingeConstraint.h">
      <Filter>lib\bulletPhysics</Filter>
    </ClInclude>
    <ClInclude Include="..\..\lib\bullet\src\BulletDynamics\ConstraintSolver\btJacobianEntry.h">
      <Filter>lib\bulletPhysics</Filter>
    </ClInclude>
    <ClInclude Include="..\..\lib\bullet\src\BulletDynamics\ConstraintSolver\btPoint2PointConstraint.h">
      <Filter>lib\bulletPhysics</Filter>
    </ClInclude>
    <ClInclude Include="..\..\lib\bullet\src\BulletDynamics\ConstraintSolver\btSequentialImpulseConstraintSolver.h">
      <Filter>lib\bulletPhysics</Filter>
    </ClInclude>
    <ClInclude Include="..\..\lib\bullet\src\BulletDynamics\ConstraintSolver\btSliderConstraint.h">
      <Filter>lib\bulletPhysics</Filter>
    </ClInclude>
    <ClInclude Include="..\..\lib\bullet\src\BulletDynamics\ConstraintSolver\btSolve2LinearConstraint.h">
      <Filter>lib\bulletPhysics</Filter>
    </ClInclude>
    <ClInclude Include="..\..\lib\bullet\src\BulletDynamics\ConstraintSolver\btSolverBody.h">
      <Filter>lib\bulletPhysics</Filter>
    </ClInclude>
    <ClInclude Include="..\..\lib\bullet\src\BulletDynamics\ConstraintSolver\btSolverConstraint.h">
      <Filter>lib\bulletPhysics</Filter>
    </ClInclude>
    <ClInclude Include="..\..\lib\bullet\src\BulletDynamics\ConstraintSolver\btTypedConstraint.h">
      <Filter>lib\bulletPhysics</Filter>
    </ClInclude>
    <ClInclude Include="..\..\lib\bullet\src\BulletDynamics\ConstraintSolver\btUniversalConstraint.h">
      <Filter>lib\bulletPhysics</Filter>
    </ClInclude>
    <ClInclude Include="..\..\lib\bullet\src\BulletDynamics\Dynamics\btActionInterface.h">
      <Filter>lib\bulletPhysics</Filter>
    </ClInclude>
    <ClInclude Include="..\..\lib\bullet\src\BulletDynamics\Dynamics\btDiscreteDynamicsWorld.h">
      <Filter>lib\bulletPhysics</Filter>
    </ClInclude>
    <ClInclude Include="..\..\lib\bullet\src\BulletDynamics\Dynamics\btDynamicsWorld.h">
      <Filter>lib\bulletPhysics</Filter>
    </ClInclude>
    <ClInclude Include="..\..\lib\bullet\src\BulletDynamics\Dynamics\btRigidBody.h">
      <Filter>lib\bulletPhysics</Filter>
    </ClInclude>
    <ClInclude Include="..\..\lib\bullet\src\BulletDynamics\Dynamics\btSimpleDynamicsWorld.h">
      <Filter>lib\bulletPhysics</Filter>
    </ClInclude>
    <ClInclude Include="..\..\lib\bullet\src\BulletDynamics\Vehicle\btRaycastVehicle.h">
      <Filter>lib\bulletPhysics</Filter>
    </ClInclude>
    <ClInclude Include="..\..\lib\bullet\src\BulletDynamics\Vehicle\btVehicleRaycaster.h">
      <Filter>lib\bulletPhysics</Filter>
    </ClInclude>
    <ClInclude Include="..\..\lib\bullet\src\BulletDynamics\Vehicle\btWheelInfo.h">
      <Filter>lib\bulletPhysics</Filter>
    </ClInclude>
    <ClInclude Include="..\..\lib\bullet\src\LinearMath\btAabbUtil2.h">
      <Filter>lib\bulletPhysics</Filter>
    </ClInclude>
    <ClInclude Include="..\..\lib\bullet\src\LinearMath\btAlignedAllocator.h">
      <Filter>lib\bulletPhysics</Filter>
    </ClInclude>
    <ClInclude Include="..\..\lib\bullet\src\LinearMath\btAlignedObjectArray.h">
      <Filter>lib\bulletPhysics</Filter>
    </ClInclude>
    <ClInclude Include="..\..\lib\bullet\src\LinearMath\btConvexHull.h">
      <Filter>lib\bulletPhysics</Filter>
    </ClInclude>
    <ClInclude Include="..\..\lib\bullet\src\LinearMath\btConvexHullComputer.h">
      <Filter>lib\bulletPhysics</Filter>
    </ClInclude>
    <ClInclude Include="..\..\lib\bullet\src\LinearMath\btDefaultMotionState.h">
      <Filter>lib\bulletPhysics</Filter>
    </ClInclude>
    <ClInclude Include="..\..\lib\bullet\src\LinearMath\btGeometryUtil.h">
      <Filter>lib\bulletPhysics</Filter>
    </ClInclude>
    <ClInclude Include="..\..\lib\bullet\src\LinearMath\btGrahamScan2dConvexHull.h">
      <Filter>lib\bulletPhysics</Filter>
    </ClInclude>
    <ClInclude Include="..\..\lib\bullet\src\LinearMath\btHashMap.h">
      <Filter>lib\bulletPhysics</Filter>
    </ClInclude>
    <ClInclude Include="..\..\lib\bullet\src\LinearMath\btIDebugDraw.h">
      <Filter>lib\bulletPhysics</Filter>
    </ClInclude>
    <ClInclude Include="..\..\lib\bullet\src\LinearMath\btList.h">
      <Filter>lib\bulletPhysics</Filter>
    </ClInclude>
    <ClInclude Include="..\..\lib\bullet\src\LinearMath\btMatrix3x3.h">
      <Filter>lib\bulletPhysics</Filter>
    </ClInclude>
    <ClInclude Include="..\..\lib\bullet\src\LinearMath\btMinMax.h">
      <Filter>lib\bulletPhysics</Filter>
    </ClInclude>
    <ClInclude Include="..\..\lib\bullet\src\LinearMath\btMotionState.h">
      <Filter>lib\bulletPhysics</Filter>
    </ClInclude>
    <ClInclude Include="..\..\lib\bullet\src\LinearMath\btPolarDecomposition.h">
      <Filter>lib\bulletPhysics</Filter>
    </ClInclude>
    <ClInclude Include="..\..\lib\bullet\src\LinearMath\btPoolAllocator.h">
      <Filter>lib\bulletPhysics</Filter>
    </ClInclude>
    <ClInclude Include="..\..\lib\bullet\src\LinearMath\btQuadWord.h">
      <Filter>lib\bulletPhysics</Filter>
    </ClInclude>
    <ClInclude Include="..\..\lib\bullet\src\LinearMath\btQuaternion.h">
      <Filter>lib\bulletPhysics</Filter>
    </ClInclude>
    <ClInclude Include="..\..\lib\bullet\src\LinearMath\btQuickprof.h">
      <Filter>lib\bulletPhysics</Filter>
    </ClInclude>
    <ClInclude Include="..\..\lib\bullet\src\LinearMath\btRandom.h">
      <Filter>lib\bulletPhysics</Filter>
    </ClInclude>
    <ClInclude Include="..\..\lib\bullet\src\LinearMath\btScalar.h">
      <Filter>lib\bulletPhysics</Filter>
    </ClInclude>
    <ClInclude Include="..\..\lib\bullet\src\LinearMath\btSerializer.h">
      <Filter>lib\bulletPhysics</Filter>
    </ClInclude>
    <ClInclude Include="..\..\lib\bullet\src\LinearMath\btStackAlloc.h">
      <Filter>lib\bulletPhysics</Filter>
    </ClInclude>
    <ClInclude Include="..\..\lib\bullet\src\LinearMath\btTransform.h">
      <Filter>lib\bulletPhysics</Filter>
    </ClInclude>
    <ClInclude Include="..\..\lib\bullet\src\LinearMath\btTransformUtil.h">
      <Filter>lib\bulletPhysics</Filter>
    </ClInclude>
    <ClInclude Include="..\..\lib\bullet\src\LinearMath\btVector3.h">
      <Filter>lib\bulletPhysics</Filter>
    </ClInclude>
    <ClInclude Include="..\..\beowolf\math\W_Math.h">
      <Filter>beowolf\math</Filter>
    </ClInclude>
    <ClInclude Include="..\..\beowolf\text\W_TextTable.h">
      <Filter>beowolf\text</Filter>
    </ClInclude>
    <ClInclude Include="example\BaseScene.h" />
    <ClInclude Include="..\..\beowolf\graphics\core\W_MaterialManager.h">
      <Filter>beowolf\graphics\core</Filter>
    </ClInclude>
    <ClInclude Include="..\..\beowolf\graphics\core\W_Model.h">
      <Filter>beowolf\graphics\core</Filter>
    </ClInclude>
    <ClInclude Include="..\..\beowolf\graphics\core\W_Program.h">
      <Filter>beowolf\graphics\core</Filter>
    </ClInclude>
    <ClInclude Include="..\..\beowolf\graphics\core\W_ProgramManager.h">
      <Filter>beowolf\graphics\core</Filter>
    </ClInclude>
    <ClInclude Include="..\..\beowolf\graphics\core\W_Texture.h">
      <Filter>beowolf\graphics\core</Filter>
    </ClInclude>
    <ClInclude Include="..\..\beowolf\graphics\core\W_TextureManager.h">
      <Filter>beowolf\graphics\core</Filter>
    </ClInclude>
    <ClInclude Include="..\..\beowolf\graphics\core\W_VertexBuffer.h">
      <Filter>beowolf\graphics\core</Filter>
    </ClInclude>
    <ClInclude Include="..\..\beowolf\graphics\core\W_VertexDeclaration.h">
      <Filter>beowolf\graphics\core</Filter>
    </ClInclude>
    <ClInclude Include="..\..\beowolf\graphics\core\W_Buffer.h">
      <Filter>beowolf\graphics\core</Filter>
    </ClInclude>
    <ClInclude Include="..\..\beowolf\graphics\core\W_BufferManager.h">
      <Filter>beowolf\graphics\core</Filter>
    </ClInclude>
    <ClInclude Include="..\..\beowolf\graphics\core\W_IndexBuffer.h">
      <Filter>beowolf\graphics\core</Filter>
    </ClInclude>
    <ClInclude Include="..\..\beowolf\graphics\core\W_Material.h">
      <Filter>beowolf\graphics\core</Filter>
    </ClInclude>
    <ClInclude Include="..\..\beowolf\math\W_Math3D.h">
      <Filter>beowolf\math</Filter>
    </ClInclude>
    <ClInclude Include="..\..\beowolf\math\W_Math_Types.h">
      <Filter>beowolf\math</Filter>
    </ClInclude>
    <ClInclude Include="..\..\beowolf\graphics\text\W_Font.h">
      <Filter>beowolf\graphics\text</Filter>
    </ClInclude>
    <ClInclude Include="..\..\beowolf\graphics\text\W_TextBox.h">
      <Filter>beowolf\graphics\text</Filter>
    </ClInclude>
    <ClInclude Include="..\..\beowolf\graphics\DebugCube.h">
      <Filter>beowolf\graphics</Filter>
    </ClInclude>
    <ClInclude Include="..\..\beowolf\graphics\Node.h">
      <Filter>beowolf\graphics</Filter>
    </ClInclude>
    <ClInclude Include="..\..\beowolf\graphics\QuadTree.h">
      <Filter>beowolf\graphics</Filter>
    </ClInclude>
    <ClInclude Include="..\..\beowolf\graphics\SceneRenderer.h">
      <Filter>beowolf\graphics</Filter>
    </ClInclude>
    <ClInclude Include="..\..\beowolf\graphics\DebugCamera.h">
      <Filter>beowolf\graphics</Filter>
    </ClInclude>
    <ClInclude Include="..\..\beowolf\graphics\particles\Effect.h">
      <Filter>beowolf\graphics\particles</Filter>
    </ClInclude>
    <ClInclude Include="..\..\beowolf\graphics\particles\Emitter.h">
      <Filter>beowolf\graphics\particles</Filter>
    </ClInclude>
    <ClInclude Include="..\..\beowolf\graphics\particles\Particle.h">
      <Filter>beowolf\graphics\particles</Filter>
    </ClInclude>
    <ClInclude Include="..\..\beowolf\graphics\particles\affectors\AffectorRandomPos.h">
      <Filter>beowolf\graphics\particles\affectors</Filter>
    </ClInclude>
    <ClInclude Include="..\..\beowolf\graphics\particles\affectors\AffectorRecolor.h">
      <Filter>beowolf\graphics\particles\affectors</Filter>
    </ClInclude>
    <ClInclude Include="..\..\beowolf\graphics\particles\affectors\AffectorScale.h">
      <Filter>beowolf\graphics\particles\affectors</Filter>
    </ClInclude>
    <ClInclude Include="..\..\beowolf\graphics\particles\affectors\AffectorVelocity.h">
      <Filter>beowolf\graphics\particles\affectors</Filter>
    </ClInclude>
    <ClInclude Include="..\..\beowolf\graphics\particles\affectors\Affector.h">
      <Filter>beowolf\graphics\particles\affectors</Filter>
    </ClInclude>
    <ClInclude Include="..\..\beowolf\graphics\particles\affectors\AffectorFade.h">
      <Filter>beowolf\graphics\particles\affectors</Filter>
    </ClInclude>
  </ItemGroup>
  <ItemGroup>
    <Filter Include="beowolf">
      <UniqueIdentifier>{1be1c3ef-e190-4944-9ee8-8c39907495b2}</UniqueIdentifier>
    </Filter>
    <Filter Include="beowolf\math">
      <UniqueIdentifier>{5d4ac216-7fb0-4e33-ac01-6353a91dbb8b}</UniqueIdentifier>
    </Filter>
    <Filter Include="lib">
      <UniqueIdentifier>{d44a61fd-b576-47e1-b555-7180c39c67d3}</UniqueIdentifier>
    </Filter>
    <Filter Include="lib\tinyxml">
      <UniqueIdentifier>{9d5624da-98d9-4838-9453-19f5b737a052}</UniqueIdentifier>
    </Filter>
    <Filter Include="lib\bulletPhysics">
      <UniqueIdentifier>{a1726256-29f1-4533-8875-d936a7440d42}</UniqueIdentifier>
    </Filter>
    <Filter Include="lib\powerVR">
      <UniqueIdentifier>{ab785dde-a088-4f58-982f-773a2fea1537}</UniqueIdentifier>
    </Filter>
    <Filter Include="beowolf\text">
      <UniqueIdentifier>{62bcc884-7ca3-40db-93fc-32f98ae59207}</UniqueIdentifier>
    </Filter>
    <Filter Include="beowolf\graphics">
      <UniqueIdentifier>{d888c549-fb33-4d47-b959-840bd04edc3b}</UniqueIdentifier>
    </Filter>
    <Filter Include="beowolf\graphics\core">
      <UniqueIdentifier>{a0f1ec61-19f4-42b5-9b5a-348a8e216acc}</UniqueIdentifier>
    </Filter>
    <Filter Include="beowolf\graphics\text">
      <UniqueIdentifier>{be5450f1-fa87-4bde-873c-a14c599d0630}</UniqueIdentifier>
    </Filter>
    <Filter Include="beowolf\graphics\particles">
      <UniqueIdentifier>{e8eea8fc-3459-472e-8eda-6d9d445d7776}</UniqueIdentifier>
    </Filter>
    <Filter Include="beowolf\graphics\particles\affectors">
      <UniqueIdentifier>{15ca38c0-b92d-48e3-a7fb-424ab02ba031}</UniqueIdentifier>
    </Filter>
  </ItemGroup>
</Project>